{
  "version": 4,
  "terraform_version": "1.6.5",
  "serial": 114,
  "lineage": "ec33d938-e839-5594-1e24-4c140410a292",
  "outputs": {},
  "resources": [
    {
      "mode": "managed",
      "type": "null_resource",
      "name": "ansible-provision",
      "provider": "provider[\"registry.terraform.io/hashicorp/null\"]",
      "instances": [
        {
          "schema_version": 0,
          "attributes": {
            "id": "4958718578002198227",
            "triggers": null
          },
          "sensitive_attributes": [],
          "dependencies": [
            "proxmox_vm_qemu.Master",
            "proxmox_vm_qemu.Worker"
          ]
        }
      ]
    },
    {
      "mode": "managed",
      "type": "proxmox_vm_qemu",
      "name": "Master",
      "provider": "provider[\"registry.terraform.io/telmate/proxmox\"]",
      "instances": [
        {
          "index_key": 0,
          "schema_version": 0,
          "attributes": {
            "additional_wait": 5,
            "agent": 0,
            "args": "",
            "automatic_reboot": true,
            "balloon": 0,
            "bios": "seabios",
            "boot": "c",
            "bootdisk": "scsi0",
            "bridge": null,
            "ci_wait": null,
            "cicustom": "",
            "cipassword": "ecc",
            "ciuser": "user",
            "clone": "kimu-ubuntu2004",
            "clone_wait": 10,
            "cloudinit_cdrom_storage": null,
            "cores": 2,
            "cpu": "kvm64",
            "default_ipv4_address": null,
            "define_connection_info": true,
            "desc": "Ubuntu develop environment",
            "disk": [
              {
                "aio": "",
                "backup": true,
                "cache": "none",
                "discard": "",
                "file": "vm-100-disk-0",
                "format": "raw",
                "iops": 0,
                "iops_max": 0,
                "iops_max_length": 0,
                "iops_rd": 0,
                "iops_rd_max": 0,
                "iops_rd_max_length": 0,
                "iops_wr": 0,
                "iops_wr_max": 0,
                "iops_wr_max_length": 0,
                "iothread": 1,
                "mbps": 0,
                "mbps_rd": 0,
                "mbps_rd_max": 0,
                "mbps_wr": 0,
                "mbps_wr_max": 0,
                "media": "",
                "replicate": 0,
                "size": "20G",
                "slot": 0,
                "ssd": 0,
                "storage": "ceph",
                "storage_type": "rbd",
                "type": "scsi",
                "volume": "ceph:vm-100-disk-0"
              }
            ],
            "disk_gb": null,
            "force_create": false,
            "force_recreate_on_change_of": null,
            "full_clone": true,
            "guest_agent_ready_timeout": 100,
            "hagroup": "",
            "hastate": "",
            "hostpci": [],
            "hotplug": "network,disk,usb",
            "id": "PVE02/qemu/100",
            "ipconfig0": "ip=10.0.1.41/24,gw=10.0.1.1",
            "ipconfig1": "",
            "ipconfig10": "",
            "ipconfig11": "",
            "ipconfig12": "",
            "ipconfig13": "",
            "ipconfig14": "",
            "ipconfig15": "",
            "ipconfig2": "",
            "ipconfig3": "",
            "ipconfig4": "",
            "ipconfig5": "",
            "ipconfig6": "",
            "ipconfig7": "",
            "ipconfig8": "",
            "ipconfig9": "",
            "iso": null,
            "kvm": true,
            "mac": null,
            "machine": "",
            "memory": 4096,
            "name": "K8s-Master01",
            "nameserver": "",
            "network": [
              {
                "bridge": "vmbr0",
                "firewall": false,
                "link_down": false,
                "macaddr": "32:0F:D0:CE:04:C9",
                "model": "virtio",
                "mtu": 0,
                "queues": 0,
                "rate": 0,
                "tag": -1
              }
            ],
            "nic": null,
            "numa": false,
            "onboot": true,
            "oncreate": true,
            "os_network_config": null,
            "os_type": "cloud-init",
            "pool": "",
            "preprovision": true,
            "pxe": null,
            "qemu_os": "other",
            "reboot_required": false,
            "scsihw": "virtio-scsi-single",
            "searchdomain": "",
            "serial": [],
            "sockets": 2,
            "ssh_forward_ip": null,
            "ssh_host": null,
            "ssh_port": null,
            "ssh_private_key": null,
            "ssh_user": null,
            "sshkeys": "    ssh-rsa AAAAB3NzaC1yc2EAAAADAQABAAACAQDm2l3E3a43hRvmCc1KCf69AekpQ8N5I/mX9TA2rLqf65O/EO4mG2AxQpR1DAIzLdfy2VavclBbgTUfohRddCaUSD6rkfnVjoQ9mZ0aYTKWHWfT7YDXsZHvCm9cmjkqIdYwQgHjlNorl2mb3XbKLvOlhp2xNZcUR91qKW62nzAPZ8Nw/q/ViuFfAGnLSaZ755rptY8FaeXmvoVq6tfNW0T4u7t7NhEwkX8PFkOCEIM2lt75nZHFuBWvM1cPbA5tgX9dwjAt7fFC3IdQCDph8an1Rp4UQpuqJNNp3orwfGfEcppfYgB7Ru8Yz2KeaAD/Zoa93m26RF3e9zXdXtsCjfl41cNbPvmIwrVDnzGwlkNiuKnhRcOo5kbGbUGsdchlZhbqSzRcr76jUBOqM3t5P9Ff0Xbt8XQMKpo6hDjgE6B3vgFmbEpmof70BtjnkZ7DsrCCDKNsbYuh3jNthUyb7GHTc4k4Cd1WDbWkmH6IvmaM5nGhZpZaUuuL3G9WJKYFhkjkGWrjETXGWYE64LHCcr9B0t+89XH2DjD273LubSCfWWtxQwlrJ9c1XPL3bCd9iNpYy03Jx48m5y4Y8C6dwQEOy2cFktegDwBfgbYpvOPhPi89jtuehl8dsk0QIvqN85ikS9AWi6XMKFJ9FWN9XbOcnX69RxsxKaNMJWMIRkzHsw== nowhereman@M2PROMacBook-Pro.local\n    ssh-rsa AAAAB3NzaC1yc2EAAAADAQABAAABgQDkQZytOhn+NQ4o+3t5Pq8ikROG3sdGYiMloM7QJRtZgxGul2qouC0uvCyuXF+rVcx7Boq7z8hYrNLPz5B30bB8zNENGrs75sXTz1GO9ZPSouNuipBGxYyVrKorjnwxrsGpt3q4yaC8fJLTqCNrA5dLG6h1xv8POr4B81x++ZN63tZQy+d88eictkf7rREYuLiuDTd9KrU/u7xto9ChVriNJSX0FG/eSjZLYCJtViGKNS8q6vHd3eDxccLPX9EBB8vydB6P6A3PLwwKoFyboqpUhHK2v09OtmvFuot5L035E9UVO6VwKmWlu3bjc7REWMeNeafi/Uit52xEYmq6aDGT9Ej9g58mAl/HQP+WhmV7azcea8kXAdMxWK7kUxW03DYEfbV9YlSQOwlCTkSyGsNqdfyzNYTzajyDfjc1t0Ia3u5ojZ4gAsm3hvX5jDKmuKyFKiAP3T/p8IfSvUva4iYq3RF5YKZGzH4tffhaYMNtXX8xgxjzMru9m9cGpCw5zhE= root@11cd3eed5f8a\n\n",
            "startup": "",
            "storage": null,
            "storage_type": null,
            "tablet": true,
            "tags": "",
            "target_node": "PVE02",
            "timeouts": null,
            "unused_disk": [],
            "usb": [],
            "vcpus": 0,
            "vga": [],
            "vlan": -1,
            "vmid": null
          },
          "sensitive_attributes": [],
          "private": "eyJlMmJmYjczMC1lY2FhLTExZTYtOGY4OC0zNDM2M2JjN2M0YzAiOnsiY3JlYXRlIjoxMjAwMDAwMDAwMDAwLCJkZWZhdWx0IjoxMjAwMDAwMDAwMDAwLCJkZWxldGUiOjEyMDAwMDAwMDAwMDAsInJlYWQiOjEyMDAwMDAwMDAwMDAsInVwZGF0ZSI6MTIwMDAwMDAwMDAwMH19"
        }
      ]
    },
    {
      "mode": "managed",
      "type": "proxmox_vm_qemu",
      "name": "Worker",
      "provider": "provider[\"registry.terraform.io/telmate/proxmox\"]",
      "instances": [
        {
          "index_key": 0,
          "schema_version": 0,
          "attributes": {
            "additional_wait": 5,
            "agent": 0,
            "args": "",
            "automatic_reboot": true,
            "balloon": 0,
            "bios": "seabios",
            "boot": "c",
            "bootdisk": "scsi0",
            "bridge": null,
            "ci_wait": null,
            "cicustom": "",
            "cipassword": "ecc",
            "ciuser": "user",
            "clone": "kimu-ubuntu2004",
            "clone_wait": 10,
            "cloudinit_cdrom_storage": null,
            "cores": 2,
            "cpu": "kvm64",
            "default_ipv4_address": null,
            "define_connection_info": true,
            "desc": "Ubuntu develop environment",
            "disk": [
              {
                "aio": "",
                "backup": true,
                "cache": "none",
                "discard": "",
                "file": "vm-107-disk-0",
                "format": "raw",
                "iops": 0,
                "iops_max": 0,
                "iops_max_length": 0,
                "iops_rd": 0,
                "iops_rd_max": 0,
                "iops_rd_max_length": 0,
                "iops_wr": 0,
                "iops_wr_max": 0,
                "iops_wr_max_length": 0,
                "iothread": 1,
                "mbps": 0,
                "mbps_rd": 0,
                "mbps_rd_max": 0,
                "mbps_wr": 0,
                "mbps_wr_max": 0,
                "media": "",
                "replicate": 0,
                "size": "20G",
                "slot": 0,
                "ssd": 0,
                "storage": "ceph",
                "storage_type": "rbd",
                "type": "scsi",
                "volume": "ceph:vm-107-disk-0"
              }
            ],
            "disk_gb": null,
            "force_create": false,
            "force_recreate_on_change_of": null,
            "full_clone": true,
            "guest_agent_ready_timeout": 100,
            "hagroup": "",
            "hastate": "",
            "hostpci": [],
            "hotplug": "network,disk,usb",
            "id": "PVE01/qemu/107",
            "ipconfig0": "ip=10.0.1.45/24,gw=10.0.1.1",
            "ipconfig1": "",
            "ipconfig10": "",
            "ipconfig11": "",
            "ipconfig12": "",
            "ipconfig13": "",
            "ipconfig14": "",
            "ipconfig15": "",
            "ipconfig2": "",
            "ipconfig3": "",
            "ipconfig4": "",
            "ipconfig5": "",
            "ipconfig6": "",
            "ipconfig7": "",
            "ipconfig8": "",
            "ipconfig9": "",
            "iso": null,
            "kvm": true,
            "mac": null,
            "machine": "",
            "memory": 4096,
            "name": "K8s-Worker01",
            "nameserver": "",
            "network": [
              {
                "bridge": "vmbr0",
                "firewall": false,
                "link_down": false,
                "macaddr": "96:A2:27:FB:BF:32",
                "model": "virtio",
                "mtu": 0,
                "queues": 0,
                "rate": 0,
                "tag": -1
              }
            ],
            "nic": null,
            "numa": false,
            "onboot": true,
            "oncreate": true,
            "os_network_config": null,
            "os_type": "cloud-init",
            "pool": "",
            "preprovision": true,
            "pxe": null,
            "qemu_os": "other",
            "reboot_required": false,
            "scsihw": "virtio-scsi-single",
            "searchdomain": "",
            "serial": [],
            "sockets": 2,
            "ssh_forward_ip": null,
            "ssh_host": null,
            "ssh_port": null,
            "ssh_private_key": null,
            "ssh_user": null,
            "sshkeys": "    ssh-rsa AAAAB3NzaC1yc2EAAAADAQABAAACAQDm2l3E3a43hRvmCc1KCf69AekpQ8N5I/mX9TA2rLqf65O/EO4mG2AxQpR1DAIzLdfy2VavclBbgTUfohRddCaUSD6rkfnVjoQ9mZ0aYTKWHWfT7YDXsZHvCm9cmjkqIdYwQgHjlNorl2mb3XbKLvOlhp2xNZcUR91qKW62nzAPZ8Nw/q/ViuFfAGnLSaZ755rptY8FaeXmvoVq6tfNW0T4u7t7NhEwkX8PFkOCEIM2lt75nZHFuBWvM1cPbA5tgX9dwjAt7fFC3IdQCDph8an1Rp4UQpuqJNNp3orwfGfEcppfYgB7Ru8Yz2KeaAD/Zoa93m26RF3e9zXdXtsCjfl41cNbPvmIwrVDnzGwlkNiuKnhRcOo5kbGbUGsdchlZhbqSzRcr76jUBOqM3t5P9Ff0Xbt8XQMKpo6hDjgE6B3vgFmbEpmof70BtjnkZ7DsrCCDKNsbYuh3jNthUyb7GHTc4k4Cd1WDbWkmH6IvmaM5nGhZpZaUuuL3G9WJKYFhkjkGWrjETXGWYE64LHCcr9B0t+89XH2DjD273LubSCfWWtxQwlrJ9c1XPL3bCd9iNpYy03Jx48m5y4Y8C6dwQEOy2cFktegDwBfgbYpvOPhPi89jtuehl8dsk0QIvqN85ikS9AWi6XMKFJ9FWN9XbOcnX69RxsxKaNMJWMIRkzHsw== nowhereman@M2PROMacBook-Pro.local\n    ssh-rsa AAAAB3NzaC1yc2EAAAADAQABAAABgQDkQZytOhn+NQ4o+3t5Pq8ikROG3sdGYiMloM7QJRtZgxGul2qouC0uvCyuXF+rVcx7Boq7z8hYrNLPz5B30bB8zNENGrs75sXTz1GO9ZPSouNuipBGxYyVrKorjnwxrsGpt3q4yaC8fJLTqCNrA5dLG6h1xv8POr4B81x++ZN63tZQy+d88eictkf7rREYuLiuDTd9KrU/u7xto9ChVriNJSX0FG/eSjZLYCJtViGKNS8q6vHd3eDxccLPX9EBB8vydB6P6A3PLwwKoFyboqpUhHK2v09OtmvFuot5L035E9UVO6VwKmWlu3bjc7REWMeNeafi/Uit52xEYmq6aDGT9Ej9g58mAl/HQP+WhmV7azcea8kXAdMxWK7kUxW03DYEfbV9YlSQOwlCTkSyGsNqdfyzNYTzajyDfjc1t0Ia3u5ojZ4gAsm3hvX5jDKmuKyFKiAP3T/p8IfSvUva4iYq3RF5YKZGzH4tffhaYMNtXX8xgxjzMru9m9cGpCw5zhE= root@11cd3eed5f8a\n\n",
            "startup": "",
            "storage": null,
            "storage_type": null,
            "tablet": true,
            "tags": "",
            "target_node": "PVE01",
            "timeouts": null,
            "unused_disk": [],
            "usb": [],
            "vcpus": 0,
            "vga": [],
            "vlan": -1,
            "vmid": null
          },
          "sensitive_attributes": [],
          "private": "eyJlMmJmYjczMC1lY2FhLTExZTYtOGY4OC0zNDM2M2JjN2M0YzAiOnsiY3JlYXRlIjoxMjAwMDAwMDAwMDAwLCJkZWZhdWx0IjoxMjAwMDAwMDAwMDAwLCJkZWxldGUiOjEyMDAwMDAwMDAwMDAsInJlYWQiOjEyMDAwMDAwMDAwMDAsInVwZGF0ZSI6MTIwMDAwMDAwMDAwMH19"
        },
        {
          "index_key": 1,
          "schema_version": 0,
          "attributes": {
            "additional_wait": 5,
            "agent": 0,
            "args": "",
            "automatic_reboot": true,
            "balloon": 0,
            "bios": "seabios",
            "boot": "c",
            "bootdisk": "scsi0",
            "bridge": null,
            "ci_wait": null,
            "cicustom": "",
            "cipassword": "ecc",
            "ciuser": "user",
            "clone": "kimu-ubuntu2004",
            "clone_wait": 10,
            "cloudinit_cdrom_storage": null,
            "cores": 2,
            "cpu": "kvm64",
            "default_ipv4_address": null,
            "define_connection_info": true,
            "desc": "Ubuntu develop environment",
            "disk": [
              {
                "aio": "",
                "backup": true,
                "cache": "none",
                "discard": "",
                "file": "vm-103-disk-0",
                "format": "raw",
                "iops": 0,
                "iops_max": 0,
                "iops_max_length": 0,
                "iops_rd": 0,
                "iops_rd_max": 0,
                "iops_rd_max_length": 0,
                "iops_wr": 0,
                "iops_wr_max": 0,
                "iops_wr_max_length": 0,
                "iothread": 1,
                "mbps": 0,
                "mbps_rd": 0,
                "mbps_rd_max": 0,
                "mbps_wr": 0,
                "mbps_wr_max": 0,
                "media": "",
                "replicate": 0,
                "size": "20G",
                "slot": 0,
                "ssd": 0,
                "storage": "ceph",
                "storage_type": "rbd",
                "type": "scsi",
                "volume": "ceph:vm-103-disk-0"
              }
            ],
            "disk_gb": null,
            "force_create": false,
            "force_recreate_on_change_of": null,
            "full_clone": true,
            "guest_agent_ready_timeout": 100,
            "hagroup": "",
            "hastate": "",
            "hostpci": [],
            "hotplug": "network,disk,usb",
            "id": "PVE02/qemu/103",
            "ipconfig0": "ip=10.0.1.46/24,gw=10.0.1.1",
            "ipconfig1": "",
            "ipconfig10": "",
            "ipconfig11": "",
            "ipconfig12": "",
            "ipconfig13": "",
            "ipconfig14": "",
            "ipconfig15": "",
            "ipconfig2": "",
            "ipconfig3": "",
            "ipconfig4": "",
            "ipconfig5": "",
            "ipconfig6": "",
            "ipconfig7": "",
            "ipconfig8": "",
            "ipconfig9": "",
            "iso": null,
            "kvm": true,
            "mac": null,
            "machine": "",
            "memory": 4096,
            "name": "K8s-Worker02",
            "nameserver": "",
            "network": [
              {
                "bridge": "vmbr0",
                "firewall": false,
                "link_down": false,
                "macaddr": "42:C1:13:1C:7B:3E",
                "model": "virtio",
                "mtu": 0,
                "queues": 0,
                "rate": 0,
                "tag": -1
              }
            ],
            "nic": null,
            "numa": false,
            "onboot": true,
            "oncreate": true,
            "os_network_config": null,
            "os_type": "cloud-init",
            "pool": "",
            "preprovision": true,
            "pxe": null,
            "qemu_os": "other",
            "reboot_required": false,
            "scsihw": "virtio-scsi-single",
            "searchdomain": "",
            "serial": [],
            "sockets": 2,
            "ssh_forward_ip": null,
            "ssh_host": null,
            "ssh_port": null,
            "ssh_private_key": null,
            "ssh_user": null,
            "sshkeys": "    ssh-rsa AAAAB3NzaC1yc2EAAAADAQABAAACAQDm2l3E3a43hRvmCc1KCf69AekpQ8N5I/mX9TA2rLqf65O/EO4mG2AxQpR1DAIzLdfy2VavclBbgTUfohRddCaUSD6rkfnVjoQ9mZ0aYTKWHWfT7YDXsZHvCm9cmjkqIdYwQgHjlNorl2mb3XbKLvOlhp2xNZcUR91qKW62nzAPZ8Nw/q/ViuFfAGnLSaZ755rptY8FaeXmvoVq6tfNW0T4u7t7NhEwkX8PFkOCEIM2lt75nZHFuBWvM1cPbA5tgX9dwjAt7fFC3IdQCDph8an1Rp4UQpuqJNNp3orwfGfEcppfYgB7Ru8Yz2KeaAD/Zoa93m26RF3e9zXdXtsCjfl41cNbPvmIwrVDnzGwlkNiuKnhRcOo5kbGbUGsdchlZhbqSzRcr76jUBOqM3t5P9Ff0Xbt8XQMKpo6hDjgE6B3vgFmbEpmof70BtjnkZ7DsrCCDKNsbYuh3jNthUyb7GHTc4k4Cd1WDbWkmH6IvmaM5nGhZpZaUuuL3G9WJKYFhkjkGWrjETXGWYE64LHCcr9B0t+89XH2DjD273LubSCfWWtxQwlrJ9c1XPL3bCd9iNpYy03Jx48m5y4Y8C6dwQEOy2cFktegDwBfgbYpvOPhPi89jtuehl8dsk0QIvqN85ikS9AWi6XMKFJ9FWN9XbOcnX69RxsxKaNMJWMIRkzHsw== nowhereman@M2PROMacBook-Pro.local\n    ssh-rsa AAAAB3NzaC1yc2EAAAADAQABAAABgQDkQZytOhn+NQ4o+3t5Pq8ikROG3sdGYiMloM7QJRtZgxGul2qouC0uvCyuXF+rVcx7Boq7z8hYrNLPz5B30bB8zNENGrs75sXTz1GO9ZPSouNuipBGxYyVrKorjnwxrsGpt3q4yaC8fJLTqCNrA5dLG6h1xv8POr4B81x++ZN63tZQy+d88eictkf7rREYuLiuDTd9KrU/u7xto9ChVriNJSX0FG/eSjZLYCJtViGKNS8q6vHd3eDxccLPX9EBB8vydB6P6A3PLwwKoFyboqpUhHK2v09OtmvFuot5L035E9UVO6VwKmWlu3bjc7REWMeNeafi/Uit52xEYmq6aDGT9Ej9g58mAl/HQP+WhmV7azcea8kXAdMxWK7kUxW03DYEfbV9YlSQOwlCTkSyGsNqdfyzNYTzajyDfjc1t0Ia3u5ojZ4gAsm3hvX5jDKmuKyFKiAP3T/p8IfSvUva4iYq3RF5YKZGzH4tffhaYMNtXX8xgxjzMru9m9cGpCw5zhE= root@11cd3eed5f8a\n\n",
            "startup": "",
            "storage": null,
            "storage_type": null,
            "tablet": true,
            "tags": "",
            "target_node": "PVE02",
            "timeouts": null,
            "unused_disk": [],
            "usb": [],
            "vcpus": 0,
            "vga": [],
            "vlan": -1,
            "vmid": null
          },
          "sensitive_attributes": [],
          "private": "eyJlMmJmYjczMC1lY2FhLTExZTYtOGY4OC0zNDM2M2JjN2M0YzAiOnsiY3JlYXRlIjoxMjAwMDAwMDAwMDAwLCJkZWZhdWx0IjoxMjAwMDAwMDAwMDAwLCJkZWxldGUiOjEyMDAwMDAwMDAwMDAsInJlYWQiOjEyMDAwMDAwMDAwMDAsInVwZGF0ZSI6MTIwMDAwMDAwMDAwMH19"
        },
        {
          "index_key": 2,
          "schema_version": 0,
          "attributes": {
            "additional_wait": 5,
            "agent": 0,
            "args": "",
            "automatic_reboot": true,
            "balloon": 0,
            "bios": "seabios",
            "boot": "c",
            "bootdisk": "scsi0",
            "bridge": null,
            "ci_wait": null,
            "cicustom": "",
            "cipassword": "ecc",
            "ciuser": "user",
            "clone": "kimu-ubuntu2004",
            "clone_wait": 10,
            "cloudinit_cdrom_storage": null,
            "cores": 2,
            "cpu": "kvm64",
            "default_ipv4_address": null,
            "define_connection_info": true,
            "desc": "Ubuntu develop environment",
            "disk": [
              {
                "aio": "",
                "backup": true,
                "cache": "none",
                "discard": "",
                "file": "vm-109-disk-0",
                "format": "raw",
                "iops": 0,
                "iops_max": 0,
                "iops_max_length": 0,
                "iops_rd": 0,
                "iops_rd_max": 0,
                "iops_rd_max_length": 0,
                "iops_wr": 0,
                "iops_wr_max": 0,
                "iops_wr_max_length": 0,
                "iothread": 1,
                "mbps": 0,
                "mbps_rd": 0,
                "mbps_rd_max": 0,
                "mbps_wr": 0,
                "mbps_wr_max": 0,
                "media": "",
                "replicate": 0,
                "size": "20G",
                "slot": 0,
                "ssd": 0,
                "storage": "ceph",
                "storage_type": "rbd",
                "type": "scsi",
                "volume": "ceph:vm-109-disk-0"
              }
            ],
            "disk_gb": null,
            "force_create": false,
            "force_recreate_on_change_of": null,
            "full_clone": true,
            "guest_agent_ready_timeout": 100,
            "hagroup": "",
            "hastate": "",
            "hostpci": [],
            "hotplug": "network,disk,usb",
            "id": "PVE03/qemu/109",
            "ipconfig0": "ip=10.0.1.47/24,gw=10.0.1.1",
            "ipconfig1": "",
            "ipconfig10": "",
            "ipconfig11": "",
            "ipconfig12": "",
            "ipconfig13": "",
            "ipconfig14": "",
            "ipconfig15": "",
            "ipconfig2": "",
            "ipconfig3": "",
            "ipconfig4": "",
            "ipconfig5": "",
            "ipconfig6": "",
            "ipconfig7": "",
            "ipconfig8": "",
            "ipconfig9": "",
            "iso": null,
            "kvm": true,
            "mac": null,
            "machine": "",
            "memory": 4096,
            "name": "K8s-Worker03",
            "nameserver": "",
            "network": [
              {
                "bridge": "vmbr0",
                "firewall": false,
                "link_down": false,
                "macaddr": "CE:24:D9:6E:48:55",
                "model": "virtio",
                "mtu": 0,
                "queues": 0,
                "rate": 0,
                "tag": -1
              }
            ],
            "nic": null,
            "numa": false,
            "onboot": true,
            "oncreate": true,
            "os_network_config": null,
            "os_type": "cloud-init",
            "pool": "",
            "preprovision": true,
            "pxe": null,
            "qemu_os": "other",
            "reboot_required": false,
            "scsihw": "virtio-scsi-single",
            "searchdomain": "",
            "serial": [],
            "sockets": 2,
            "ssh_forward_ip": null,
            "ssh_host": null,
            "ssh_port": null,
            "ssh_private_key": null,
            "ssh_user": null,
            "sshkeys": "    ssh-rsa AAAAB3NzaC1yc2EAAAADAQABAAACAQDm2l3E3a43hRvmCc1KCf69AekpQ8N5I/mX9TA2rLqf65O/EO4mG2AxQpR1DAIzLdfy2VavclBbgTUfohRddCaUSD6rkfnVjoQ9mZ0aYTKWHWfT7YDXsZHvCm9cmjkqIdYwQgHjlNorl2mb3XbKLvOlhp2xNZcUR91qKW62nzAPZ8Nw/q/ViuFfAGnLSaZ755rptY8FaeXmvoVq6tfNW0T4u7t7NhEwkX8PFkOCEIM2lt75nZHFuBWvM1cPbA5tgX9dwjAt7fFC3IdQCDph8an1Rp4UQpuqJNNp3orwfGfEcppfYgB7Ru8Yz2KeaAD/Zoa93m26RF3e9zXdXtsCjfl41cNbPvmIwrVDnzGwlkNiuKnhRcOo5kbGbUGsdchlZhbqSzRcr76jUBOqM3t5P9Ff0Xbt8XQMKpo6hDjgE6B3vgFmbEpmof70BtjnkZ7DsrCCDKNsbYuh3jNthUyb7GHTc4k4Cd1WDbWkmH6IvmaM5nGhZpZaUuuL3G9WJKYFhkjkGWrjETXGWYE64LHCcr9B0t+89XH2DjD273LubSCfWWtxQwlrJ9c1XPL3bCd9iNpYy03Jx48m5y4Y8C6dwQEOy2cFktegDwBfgbYpvOPhPi89jtuehl8dsk0QIvqN85ikS9AWi6XMKFJ9FWN9XbOcnX69RxsxKaNMJWMIRkzHsw== nowhereman@M2PROMacBook-Pro.local\n    ssh-rsa AAAAB3NzaC1yc2EAAAADAQABAAABgQDkQZytOhn+NQ4o+3t5Pq8ikROG3sdGYiMloM7QJRtZgxGul2qouC0uvCyuXF+rVcx7Boq7z8hYrNLPz5B30bB8zNENGrs75sXTz1GO9ZPSouNuipBGxYyVrKorjnwxrsGpt3q4yaC8fJLTqCNrA5dLG6h1xv8POr4B81x++ZN63tZQy+d88eictkf7rREYuLiuDTd9KrU/u7xto9ChVriNJSX0FG/eSjZLYCJtViGKNS8q6vHd3eDxccLPX9EBB8vydB6P6A3PLwwKoFyboqpUhHK2v09OtmvFuot5L035E9UVO6VwKmWlu3bjc7REWMeNeafi/Uit52xEYmq6aDGT9Ej9g58mAl/HQP+WhmV7azcea8kXAdMxWK7kUxW03DYEfbV9YlSQOwlCTkSyGsNqdfyzNYTzajyDfjc1t0Ia3u5ojZ4gAsm3hvX5jDKmuKyFKiAP3T/p8IfSvUva4iYq3RF5YKZGzH4tffhaYMNtXX8xgxjzMru9m9cGpCw5zhE= root@11cd3eed5f8a\n\n",
            "startup": "",
            "storage": null,
            "storage_type": null,
            "tablet": true,
            "tags": "",
            "target_node": "PVE03",
            "timeouts": null,
            "unused_disk": [],
            "usb": [],
            "vcpus": 0,
            "vga": [],
            "vlan": -1,
            "vmid": null
          },
          "sensitive_attributes": [],
          "private": "eyJlMmJmYjczMC1lY2FhLTExZTYtOGY4OC0zNDM2M2JjN2M0YzAiOnsiY3JlYXRlIjoxMjAwMDAwMDAwMDAwLCJkZWZhdWx0IjoxMjAwMDAwMDAwMDAwLCJkZWxldGUiOjEyMDAwMDAwMDAwMDAsInJlYWQiOjEyMDAwMDAwMDAwMDAsInVwZGF0ZSI6MTIwMDAwMDAwMDAwMH19"
        }
      ]
    }
  ],
  "check_results": null
}
